// !$*UTF8*$!
{
	archiveVersion = 1;
	classes = {
	};
	objectVersion = 46;
	objects = {

/* Begin PBXBuildFile section */
		134165B91B7BB306003778F0 /* AppDelegate.swift in Sources */ = {isa = PBXBuildFile; fileRef = 134165B81B7BB306003778F0 /* AppDelegate.swift */; };
		134165BB1B7BB306003778F0 /* ViewController.swift in Sources */ = {isa = PBXBuildFile; fileRef = 134165BA1B7BB306003778F0 /* ViewController.swift */; };
		134165BE1B7BB306003778F0 /* Main.storyboard in Resources */ = {isa = PBXBuildFile; fileRef = 134165BC1B7BB306003778F0 /* Main.storyboard */; };
		134165C01B7BB306003778F0 /* Assets.xcassets in Resources */ = {isa = PBXBuildFile; fileRef = 134165BF1B7BB306003778F0 /* Assets.xcassets */; };
		134165C31B7BB306003778F0 /* LaunchScreen.storyboard in Resources */ = {isa = PBXBuildFile; fileRef = 134165C11B7BB306003778F0 /* LaunchScreen.storyboard */; };
		134165CE1B7BB306003778F0 /* TouchIDTests.swift in Sources */ = {isa = PBXBuildFile; fileRef = 134165CD1B7BB306003778F0 /* TouchIDTests.swift */; };
		134165D91B7BB306003778F0 /* TouchIDUITests.swift in Sources */ = {isa = PBXBuildFile; fileRef = 134165D81B7BB306003778F0 /* TouchIDUITests.swift */; };
		134165E71B7BB3C0003778F0 /* ViewControllerSecondo.swift in Sources */ = {isa = PBXBuildFile; fileRef = 134165E61B7BB3C0003778F0 /* ViewControllerSecondo.swift */; };
/* End PBXBuildFile section */

/* Begin PBXContainerItemProxy section */
		134165CA1B7BB306003778F0 /* PBXContainerItemProxy */ = {
			isa = PBXContainerItemProxy;
			containerPortal = 134165AD1B7BB305003778F0 /* Project object */;
			proxyType = 1;
			remoteGlobalIDString = 134165B41B7BB306003778F0;
			remoteInfo = TouchID;
		};
		134165D51B7BB306003778F0 /* PBXContainerItemProxy */ = {
			isa = PBXContainerItemProxy;
			containerPortal = 134165AD1B7BB305003778F0 /* Project object */;
			proxyType = 1;
			remoteGlobalIDString = 134165B41B7BB306003778F0;
			remoteInfo = TouchID;
		};
/* End PBXContainerItemProxy section */

/* Begin PBXFileReference section */
		134165B51B7BB306003778F0 /* TouchID.app */ = {isa = PBXFileReference; explicitFileType = wrapper.application; includeInIndex = 0; path = TouchID.app; sourceTree = BUILT_PRODUCTS_DIR; };
		134165B81B7BB306003778F0 /* AppDelegate.swift */ = {isa = PBXFileReference; lastKnownFileType = sourcecode.swift; path = AppDelegate.swift; sourceTree = "<group>"; };
		134165BA1B7BB306003778F0 /* ViewController.swift */ = {isa = PBXFileReference; lastKnownFileType = sourcecode.swift; path = ViewController.swift; sourceTree = "<group>"; };
		134165BD1B7BB306003778F0 /* Base */ = {isa = PBXFileReference; lastKnownFileType = file.storyboard; name = Base; path = Base.lproj/Main.storyboard; sourceTree = "<group>"; };
		134165BF1B7BB306003778F0 /* Assets.xcassets */ = {isa = PBXFileReference; lastKnownFileType = folder.assetcatalog; path = Assets.xcassets; sourceTree = "<group>"; };
		134165C21B7BB306003778F0 /* Base */ = {isa = PBXFileReference; lastKnownFileType = file.storyboard; name = Base; path = Base.lproj/LaunchScreen.storyboard; sourceTree = "<group>"; };
		134165C41B7BB306003778F0 /* Info.plist */ = {isa = PBXFileReference; lastKnownFileType = text.plist.xml; path = Info.plist; sourceTree = "<group>"; };
		134165C91B7BB306003778F0 /* TouchIDTests.xctest */ = {isa = PBXFileReference; explicitFileType = wrapper.cfbundle; includeInIndex = 0; path = TouchIDTests.xctest; sourceTree = BUILT_PRODUCTS_DIR; };
		134165CD1B7BB306003778F0 /* TouchIDTests.swift */ = {isa = PBXFileReference; lastKnownFileType = sourcecode.swift; path = TouchIDTests.swift; sourceTree = "<group>"; };
		134165CF1B7BB306003778F0 /* Info.plist */ = {isa = PBXFileReference; lastKnownFileType = text.plist.xml; path = Info.plist; sourceTree = "<group>"; };
		134165D41B7BB306003778F0 /* TouchIDUITests.xctest */ = {isa = PBXFileReference; explicitFileType = wrapper.cfbundle; includeInIndex = 0; path = TouchIDUITests.xctest; sourceTree = BUILT_PRODUCTS_DIR; };
		134165D81B7BB306003778F0 /* TouchIDUITests.swift */ = {isa = PBXFileReference; lastKnownFileType = sourcecode.swift; path = TouchIDUITests.swift; sourceTree = "<group>"; };
		134165DA1B7BB306003778F0 /* Info.plist */ = {isa = PBXFileReference; lastKnownFileType = text.plist.xml; path = Info.plist; sourceTree = "<group>"; };
		134165E61B7BB3C0003778F0 /* ViewControllerSecondo.swift */ = {isa = PBXFileReference; fileEncoding = 4; lastKnownFileType = sourcecode.swift; path = ViewControllerSecondo.swift; sourceTree = "<group>"; };
/* End PBXFileReference section */

/* Begin PBXFrameworksBuildPhase section */
		134165B21B7BB306003778F0 /* Frameworks */ = {
			isa = PBXFrameworksBuildPhase;
			buildActionMask = 2147483647;
			files = (
			);
			runOnlyForDeploymentPostprocessing = 0;
		};
		134165C61B7BB306003778F0 /* Frameworks */ = {
			isa = PBXFrameworksBuildPhase;
			buildActionMask = 2147483647;
			files = (
			);
			runOnlyForDeploymentPostprocessing = 0;
		};
		134165D11B7BB306003778F0 /* Frameworks */ = {
			isa = PBXFrameworksBuildPhase;
			buildActionMask = 2147483647;
			files = (
			);
			runOnlyForDeploymentPostprocessing = 0;
		};
/* End PBXFrameworksBuildPhase section */

/* Begin PBXGroup section */
		134165AC1B7BB305003778F0 = {
			isa = PBXGroup;
			children = (
				134165B71B7BB306003778F0 /* TouchID */,
				134165CC1B7BB306003778F0 /* TouchIDTests */,
				134165D71B7BB306003778F0 /* TouchIDUITests */,
				134165B61B7BB306003778F0 /* Products */,
			);
			sourceTree = "<group>";
		};
		134165B61B7BB306003778F0 /* Products */ = {
			isa = PBXGroup;
			children = (
				134165B51B7BB306003778F0 /* TouchID.app */,
				134165C91B7BB306003778F0 /* TouchIDTests.xctest */,
				134165D41B7BB306003778F0 /* TouchIDUITests.xctest */,
			);
			name = Products;
			sourceTree = "<group>";
		};
		134165B71B7BB306003778F0 /* TouchID */ = {
			isa = PBXGroup;
			children = (
				134165B81B7BB306003778F0 /* AppDelegate.swift */,
				134165BA1B7BB306003778F0 /* ViewController.swift */,
				134165E61B7BB3C0003778F0 /* ViewControllerSecondo.swift */,
				134165BC1B7BB306003778F0 /* Main.storyboard */,
				134165BF1B7BB306003778F0 /* Assets.xcassets */,
				134165C11B7BB306003778F0 /* LaunchScreen.storyboard */,
				134165C41B7BB306003778F0 /* Info.plist */,
			);
			path = TouchID;
			sourceTree = "<group>";
		};
		134165CC1B7BB306003778F0 /* TouchIDTests */ = {
			isa = PBXGroup;
			children = (
				134165CD1B7BB306003778F0 /* TouchIDTests.swift */,
				134165CF1B7BB306003778F0 /* Info.plist */,
			);
			path = TouchIDTests;
			sourceTree = "<group>";
		};
		134165D71B7BB306003778F0 /* TouchIDUITests */ = {
			isa = PBXGroup;
			children = (
				134165D81B7BB306003778F0 /* TouchIDUITests.swift */,
				134165DA1B7BB306003778F0 /* Info.plist */,
			);
			path = TouchIDUITests;
			sourceTree = "<group>";
		};
/* End PBXGroup section */

/* Begin PBXNativeTarget section */
		134165B41B7BB306003778F0 /* TouchID */ = {
			isa = PBXNativeTarget;
			buildConfigurationList = 134165DD1B7BB306003778F0 /* Build configuration list for PBXNativeTarget "TouchID" */;
			buildPhases = (
				134165B11B7BB306003778F0 /* Sources */,
				134165B21B7BB306003778F0 /* Frameworks */,
				134165B31B7BB306003778F0 /* Resources */,
			);
			buildRules = (
			);
			dependencies = (
			);
			name = TouchID;
			productName = TouchID;
			productReference = 134165B51B7BB306003778F0 /* TouchID.app */;
			productType = "com.apple.product-type.application";
		};
		134165C81B7BB306003778F0 /* TouchIDTests */ = {
			isa = PBXNativeTarget;
			buildConfigurationList = 134165E01B7BB306003778F0 /* Build configuration list for PBXNativeTarget "TouchIDTests" */;
			buildPhases = (
				134165C51B7BB306003778F0 /* Sources */,
				134165C61B7BB306003778F0 /* Frameworks */,
				134165C71B7BB306003778F0 /* Resources */,
			);
			buildRules = (
			);
			dependencies = (
				134165CB1B7BB306003778F0 /* PBXTargetDependency */,
			);
			name = TouchIDTests;
			productName = TouchIDTests;
			productReference = 134165C91B7BB306003778F0 /* TouchIDTests.xctest */;
			productType = "com.apple.product-type.bundle.unit-test";
		};
		134165D31B7BB306003778F0 /* TouchIDUITests */ = {
			isa = PBXNativeTarget;
			buildConfigurationList = 134165E31B7BB306003778F0 /* Build configuration list for PBXNativeTarget "TouchIDUITests" */;
			buildPhases = (
				134165D01B7BB306003778F0 /* Sources */,
				134165D11B7BB306003778F0 /* Frameworks */,
				134165D21B7BB306003778F0 /* Resources */,
			);
			buildRules = (
			);
			dependencies = (
				134165D61B7BB306003778F0 /* PBXTargetDependency */,
			);
			name = TouchIDUITests;
			productName = TouchIDUITests;
			productReference = 134165D41B7BB306003778F0 /* TouchIDUITests.xctest */;
			productType = "com.apple.product-type.bundle.ui-testing";
		};
/* End PBXNativeTarget section */

/* Begin PBXProject section */
		134165AD1B7BB305003778F0 /* Project object */ = {
			isa = PBXProject;
			attributes = {
				LastUpgradeCheck = 0700;
				ORGANIZATIONNAME = "Francesco Bordignon";
				TargetAttributes = {
					134165B41B7BB306003778F0 = {
						CreatedOnToolsVersion = 7.0;
					};
					134165C81B7BB306003778F0 = {
						CreatedOnToolsVersion = 7.0;
						TestTargetID = 134165B41B7BB306003778F0;
					};
					134165D31B7BB306003778F0 = {
						CreatedOnToolsVersion = 7.0;
						TestTargetID = 134165B41B7BB306003778F0;
					};
				};
			};
			buildConfigurationList = 134165B01B7BB305003778F0 /* Build configuration list for PBXProject "TouchID" */;
			compatibilityVersion = "Xcode 3.2";
			developmentRegion = English;
			hasScannedForEncodings = 0;
			knownRegions = (
				en,
				Base,
			);
			mainGroup = 134165AC1B7BB305003778F0;
			productRefGroup = 134165B61B7BB306003778F0 /* Products */;
			projectDirPath = "";
			projectRoot = "";
			targets = (
				134165B41B7BB306003778F0 /* TouchID */,
				134165C81B7BB306003778F0 /* TouchIDTests */,
				134165D31B7BB306003778F0 /* TouchIDUITests */,
			);
		};
/* End PBXProject section */

/* Begin PBXResourcesBuildPhase section */
		134165B31B7BB306003778F0 /* Resources */ = {
			isa = PBXResourcesBuildPhase;
			buildActionMask = 2147483647;
			files = (
				134165C31B7BB306003778F0 /* LaunchScreen.storyboard in Resources */,
				134165C01B7BB306003778F0 /* Assets.xcassets in Resources */,
				134165BE1B7BB306003778F0 /* Main.storyboard in Resources */,
			);
			runOnlyForDeploymentPostprocessing = 0;
		};
		134165C71B7BB306003778F0 /* Resources */ = {
			isa = PBXResourcesBuildPhase;
			buildActionMask = 2147483647;
			files = (
			);
			runOnlyForDeploymentPostprocessing = 0;
		};
		134165D21B7BB306003778F0 /* Resources */ = {
			isa = PBXResourcesBuildPhase;
			buildActionMask = 2147483647;
			files = (
			);
			runOnlyForDeploymentPostprocessing = 0;
		};
/* End PBXResourcesBuildPhase section */

/* Begin PBXSourcesBuildPhase section */
		134165B11B7BB306003778F0 /* Sources */ = {
			isa = PBXSourcesBuildPhase;
			buildActionMask = 2147483647;
			files = (
				134165BB1B7BB306003778F0 /* ViewController.swift in Sources */,
				134165B91B7BB306003778F0 /* AppDelegate.swift in Sources */,
				134165E71B7BB3C0003778F0 /* ViewControllerSecondo.swift in Sources */,
			);
			runOnlyForDeploymentPostprocessing = 0;
		};
		134165C51B7BB306003778F0 /* Sources */ = {
			isa = PBXSourcesBuildPhase;
			buildActionMask = 2147483647;
			files = (
				134165CE1B7BB306003778F0 /* TouchIDTests.swift in Sources */,
			);
			runOnlyForDeploymentPostprocessing = 0;
		};
		134165D01B7BB306003778F0 /* Sources */ = {
			isa = PBXSourcesBuildPhase;
			buildActionMask = 2147483647;
			files = (
				134165D91B7BB306003778F0 /* TouchIDUITests.swift in Sources */,
			);
			runOnlyForDeploymentPostprocessing = 0;
		};
/* End PBXSourcesBuildPhase section */

/* Begin PBXTargetDependency section */
		134165CB1B7BB306003778F0 /* PBXTargetDependency */ = {
			isa = PBXTargetDependency;
			target = 134165B41B7BB306003778F0 /* TouchID */;
			targetProxy = 134165CA1B7BB306003778F0 /* PBXContainerItemProxy */;
		};
		134165D61B7BB306003778F0 /* PBXTargetDependency */ = {
			isa = PBXTargetDependency;
			target = 134165B41B7BB306003778F0 /* TouchID */;
			targetProxy = 134165D51B7BB306003778F0 /* PBXContainerItemProxy */;
		};
/* End PBXTargetDependency section */

/* Begin PBXVariantGroup section */
		134165BC1B7BB306003778F0 /* Main.storyboard */ = {
			isa = PBXVariantGroup;
			children = (
				134165BD1B7BB306003778F0 /* Base */,
			);
			name = Main.storyboard;
			sourceTree = "<group>";
		};
		134165C11B7BB306003778F0 /* LaunchScreen.storyboard */ = {
			isa = PBXVariantGroup;
			children = (
				134165C21B7BB306003778F0 /* Base */,
			);
			name = LaunchScreen.storyboard;
			sourceTree = "<group>";
		};
/* End PBXVariantGroup section */

/* Begin XCBuildConfiguration section */
		134165DB1B7BB306003778F0 /* Debug */ = {
			isa = XCBuildConfiguration;
			buildSettings = {
				ALWAYS_SEARCH_USER_PATHS = NO;
				CLANG_CXX_LANGUAGE_STANDARD = "gnu++0x";
				CLANG_CXX_LIBRARY = "libc++";
				CLANG_ENABLE_MODULES = YES;
				CLANG_ENABLE_OBJC_ARC = YES;
				CLANG_WARN_BOOL_CONVERSION = YES;
				CLANG_WARN_CONSTANT_CONVERSION = YES;
				CLANG_WARN_DIRECT_OBJC_ISA_USAGE = YES_ERROR;
				CLANG_WARN_EMPTY_BODY = YES;
				CLANG_WARN_ENUM_CONVERSION = YES;
				CLANG_WARN_INT_CONVERSION = YES;
				CLANG_WARN_OBJC_ROOT_CLASS = YES_ERROR;
				CLANG_WARN_UNREACHABLE_CODE = YES;
				CLANG_WARN__DUPLICATE_METHOD_MATCH = YES;
				"CODE_SIGN_IDENTITY[sdk=iphoneos*]" = "iPhone Developer";
				COPY_PHASE_STRIP = NO;
				DEBUG_INFORMATION_FORMAT = dwarf;
				ENABLE_STRICT_OBJC_MSGSEND = YES;
				ENABLE_TESTABILITY = YES;
				GCC_C_LANGUAGE_STANDARD = gnu99;
				GCC_DYNAMIC_NO_PIC = NO;
				GCC_NO_COMMON_BLOCKS = YES;
				GCC_OPTIMIZATION_LEVEL = 0;
				GCC_PREPROCESSOR_DEFINITIONS = (
					"DEBUG=1",
					"$(inherited)",
				);
				GCC_WARN_64_TO_32_BIT_CONVERSION = YES;
				GCC_WARN_ABOUT_RETURN_TYPE = YES_ERROR;
				GCC_WARN_UNDECLARED_SELECTOR = YES;
				GCC_WARN_UNINITIALIZED_AUTOS = YES_AGGRESSIVE;
				GCC_WARN_UNUSED_FUNCTION = YES;
				GCC_WARN_UNUSED_VARIABLE = YES;
				IPHONEOS_DEPLOYMENT_TARGET = 9.0;
				MTL_ENABLE_DEBUG_INFO = YES;
				ONLY_ACTIVE_ARCH = YES;
				SDKROOT = iphoneos;
				SWIFT_OPTIMIZATION_LEVEL = "-Onone";
			};
			name = Debug;
		};
		134165DC1B7BB306003778F0 /* Release */ = {
			isa = XCBuildConfiguration;
			buildSettings = {
				ALWAYS_SEARCH_USER_PATHS = NO;
				CLANG_CXX_LANGUAGE_STANDARD = "gnu++0x";
				CLANG_CXX_LIBRARY = "libc++";
				CLANG_ENABLE_MODULES = YES;
				CLANG_ENABLE_OBJC_ARC = YES;
				CLANG_WARN_BOOL_CONVERSION = YES;
				CLANG_WARN_CONSTANT_CONVERSION = YES;
				CLANG_WARN_DIRECT_OBJC_ISA_USAGE = YES_ERROR;
				CLANG_WARN_EMPTY_BODY = YES;
				CLANG_WARN_ENUM_CONVERSION = YES;
				CLANG_WARN_INT_CONVERSION = YES;
				CLANG_WARN_OBJC_ROOT_CLASS = YES_ERROR;
				CLANG_WARN_UNREACHABLE_CODE = YES;
				CLANG_WARN__DUPLICATE_METHOD_MATCH = YES;
				"CODE_SIGN_IDENTITY[sdk=iphoneos*]" = "iPhone Developer";
				COPY_PHASE_STRIP = NO;
				DEBUG_INFORMATION_FORMAT = "dwarf-with-dsym";
				ENABLE_NS_ASSERTIONS = NO;
				ENABLE_STRICT_OBJC_MSGSEND = YES;
				GCC_C_LANGUAGE_STANDARD = gnu99;
				GCC_NO_COMMON_BLOCKS = YES;
				GCC_WARN_64_TO_32_BIT_CONVERSION = YES;
				GCC_WARN_ABOUT_RETURN_TYPE = YES_ERROR;
				GCC_WARN_UNDECLARED_SELECTOR = YES;
				GCC_WARN_UNINITIALIZED_AUTOS = YES_AGGRESSIVE;
				GCC_WARN_UNUSED_FUNCTION = YES;
				GCC_WARN_UNUSED_VARIABLE = YES;
				IPHONEOS_DEPLOYMENT_TARGET = 9.0;
				MTL_ENABLE_DEBUG_INFO = NO;
				SDKROOT = iphoneos;
				VALIDATE_PRODUCT = YES;
			};
			name = Release;
		};
		134165DE1B7BB306003778F0 /* Debug */ = {
			isa = XCBuildConfiguration;
			buildSettings = {
				ASSETCATALOG_COMPILER_APPICON_NAME = AppIcon;
				INFOPLIST_FILE = TouchID/Info.plist;
				LD_RUNPATH_SEARCH_PATHS = "$(inherited) @executable_path/Frameworks";
				PRODUCT_BUNDLE_IDENTIFIER = com.FrancescoBordignon.TouchID;
				PRODUCT_NAME = "$(TARGET_NAME)";
			};
			name = Debug;
		};
		134165DF1B7BB306003778F0 /* Release */ = {
			isa = XCBuildConfiguration;
			buildSettings = {
				ASSETCATALOG_COMPILER_APPICON_NAME = AppIcon;
				INFOPLIST_FILE = TouchID/Info.plist;
				LD_RUNPATH_SEARCH_PATHS = "$(inherited) @executable_path/Frameworks";
				PRODUCT_BUNDLE_IDENTIFIER = com.FrancescoBordignon.TouchID;
				PRODUCT_NAME = "$(TARGET_NAME)";
			};
			name = Release;
		};
		134165E11B7BB306003778F0 /* Debug */ = {
			isa = XCBuildConfiguration;
			buildSettings = {
				BUNDLE_LOADER = "$(TEST_HOST)";
				INFOPLIST_FILE = TouchIDTests/Info.plist;
				LD_RUNPATH_SEARCH_PATHS = "$(inherited) @executable_path/Frameworks @loader_path/Frameworks";
				PRODUCT_BUNDLE_IDENTIFIER = com.FrancescoBordignon.TouchIDTests;
				PRODUCT_NAME = "$(TARGET_NAME)";
				TEST_HOST = "$(BUILT_PRODUCTS_DIR)/TouchID.app/TouchID";
			};
			name = Debug;
		};
		134165E21B7BB306003778F0 /* Release */ = {
			isa = XCBuildConfiguration;
			buildSettings = {
				BUNDLE_LOADER = "$(TEST_HOST)";
				INFOPLIST_FILE = TouchIDTests/Info.plist;
				LD_RUNPATH_SEARCH_PATHS = "$(inherited) @executable_path/Frameworks @loader_path/Frameworks";
				PRODUCT_BUNDLE_IDENTIFIER = com.FrancescoBordignon.TouchIDTests;
				PRODUCT_NAME = "$(TARGET_NAME)";
				TEST_HOST = "$(BUILT_PRODUCTS_DIR)/TouchID.app/TouchID";
			};
			name = Release;
		};
		134165E41B7BB306003778F0 /* Debug */ = {
			isa = XCBuildConfiguration;
			buildSettings = {
				INFOPLIST_FILE = TouchIDUITests/Info.plist;
				LD_RUNPATH_SEARCH_PATHS = "$(inherited) @executable_path/Frameworks @loader_path/Frameworks";
				PRODUCT_BUNDLE_IDENTIFIER = com.FrancescoBordignon.TouchIDUITests;
				PRODUCT_NAME = "$(TARGET_NAME)";
				TEST_TARGET_NAME = TouchID;
				USES_XCTRUNNER = YES;
			};
			name = Debug;
		};
		134165E51B7BB306003778F0 /* Release */ = {
			isa = XCBuildConfiguration;
			buildSettings = {
				INFOPLIST_FILE = TouchIDUITests/Info.plist;
				LD_RUNPATH_SEARCH_PATHS = "$(inherited) @executable_path/Frameworks @loader_path/Frameworks";
				PRODUCT_BUNDLE_IDENTIFIER = com.FrancescoBordignon.TouchIDUITests;
				PRODUCT_NAME = "$(TARGET_NAME)";
				TEST_TARGET_NAME = TouchID;
				USES_XCTRUNNER = YES;
			};
			name = Release;
		};
/* End XCBuildConfiguration section */

/* Begin XCConfigurationList section */
		134165B01B7BB305003778F0 /* Build configuration list for PBXProject "TouchID" */ = {
			isa = XCConfigurationList;
			buildConfigurations = (
				134165DB1B7BB306003778F0 /* Debug */,
				134165DC1B7BB306003778F0 /* Release */,
			);
			defaultConfigurationIsVisible = 0;
			defaultConfigurationName = Release;
		};
		134165DD1B7BB306003778F0 /* Build configuration list for PBXNativeTarget "TouchID" */ = {
			isa = XCConfigurationList;
			buildConfigurations = (
				134165DE1B7BB306003778F0 /* Debug */,
				134165DF1B7BB306003778F0 /* Release */,
			);
			defaultConfigurationIsVisible = 0;
		};
		134165E01B7BB306003778F0 /* Build configuration list for PBXNativeTarget "TouchIDTests" */ = {
			isa = XCConfigurationList;
			buildConfigurations = (
				134165E11B7BB306003778F0 /* Debug */,
				134165E21B7BB306003778F0 /* Release */,
			);
			defaultConfigurationIsVisible = 0;
		};
		134165E31B7BB306003778F0 /* Build configuration list for PBXNativeTarget "TouchIDUITests" */ = {
			isa = XCConfigurationList;
			buildConfigurations = (
				134165E41B7BB306003778F0 /* Debug */,
				134165E51B7BB306003778F0 /* Release */,
			);
			defaultConfigurationIsVisible = 0;
		};
/* End XCConfigurationList section */
	};
	rootObject = 134165AD1B7BB305003778F0 /* Project object */;
}
